Microsoft Visual Studio Solution File, Format Version 12.00
# Visual Studio Version 18
VisualStudioVersion = 18.9.12023.133 insiders
MinimumVisualStudioVersion = 10.0.40219.1
Project("{2150E333-8FDC-42A3-9474-1A3956D46DE8}") = "src", "src", "{827E0CD3-B72D-47B6-A68D-7590B98EB39B}"
EndProject
Project("{2150E333-8FDC-42A3-9474-1A3956D46DE8}") = "Common", "Common", "{6B9B15CC-1AFB-4303-A2AD-8129BA337802}"
EndProject
Project("{2150E333-8FDC-42A3-9474-1A3956D46DE8}") = "About", "About", "{43D2749B-6852-4093-ABE2-1045B2839EA2}"
	ProjectSection(SolutionItems) = preProject
		About\About.xml = About\About.xml
	EndProjectSection
EndProject
Project("{2150E333-8FDC-42A3-9474-1A3956D46DE8}") = "Defs", "Defs", "{4A42329E-A3E4-4AAF-A508-7DC9E19C25A6}"
	ProjectSection(SolutionItems) = preProject
		Defs\ASM_PawnColumns.xml = Defs\ASM_PawnColumns.xml
	EndProjectSection
EndProject
Project("{2150E333-8FDC-42A3-9474-1A3956D46DE8}") = "Languages", "Languages", "{C8DFF7AC-25A4-4F4C-93C4-5210DA0A7A0A}"
EndProject
Project("{2150E333-8FDC-42A3-9474-1A3956D46DE8}") = "Textures", "Textures", "{8581B51B-7F66-43CC-9FAD-84B6F09E2709}"
EndProject
Project("{2150E333-8FDC-42A3-9474-1A3956D46DE8}") = "Assemblies", "Assemblies", "{6D463633-2972-4C9B-B9A0-9C4BE053D723}"
	ProjectSection(SolutionItems) = preProject
		Assemblies\AnimalSlaughterManager.dll = Assemblies\AnimalSlaughterManager.dll
	EndProjectSection
EndProject
Project("{2150E333-8FDC-42A3-9474-1A3956D46DE8}") = "English", "English", "{59828C29-FFD6-4E0E-AA93-6503FEA0E610}"
EndProject
Project("{2150E333-8FDC-42A3-9474-1A3956D46DE8}") = "Russian", "Russian", "{45C30D94-6705-4672-B232-3706DC893E82}"
EndProject
Project("{2150E333-8FDC-42A3-9474-1A3956D46DE8}") = "Keyed", "Keyed", "{7C67F61B-F834-47A6-A8AF-94010730BF23}"
	ProjectSection(SolutionItems) = preProject
		Languages\English\Keyed\ASM.xml = Languages\English\Keyed\ASM.xml
	EndProjectSection
EndProject
Project("{2150E333-8FDC-42A3-9474-1A3956D46DE8}") = "Keyed", "Keyed", "{010CBD62-306F-4849-A3DC-AE4E5E4D27A8}"
	ProjectSection(SolutionItems) = preProject
		Languages\Russian\Keyed\ASM.xml = Languages\Russian\Keyed\ASM.xml
	EndProjectSection
EndProject
Project("{2150E333-8FDC-42A3-9474-1A3956D46DE8}") = "UI", "UI", "{39AC4C13-A498-425E-96C1-9579990026ED}"
EndProject
Project("{2150E333-8FDC-42A3-9474-1A3956D46DE8}") = "Icons", "Icons", "{A96F6AE2-A7E2-4AAC-A330-BEDE008872F1}"
EndProject
Project("{2150E333-8FDC-42A3-9474-1A3956D46DE8}") = "ASM", "ASM", "{A5F36B45-369D-4CB4-9D65-D690B38F7691}"
	ProjectSection(SolutionItems) = preProject
		Textures\UI\Icons\ASM\Settings.png = Textures\UI\Icons\ASM\Settings.png
		Textures\UI\Icons\ASM\Shield.png = Textures\UI\Icons\ASM\Shield.png
	EndProjectSection
EndProject
Project("{FAE04EC0-301F-11D3-BF4B-00C04F79EFBC}") = "AnimalSlaughterManager", "Source\AnimalSlaughterManager\AnimalSlaughterManager.csproj", "{3F69F015-0A8C-C5B8-7E61-90E8E9DC8758}"
EndProject
Global
	GlobalSection(SolutionConfigurationPlatforms) = preSolution
		Debug|Any CPU = Debug|Any CPU
		Release|Any CPU = Release|Any CPU
	EndGlobalSection
	GlobalSection(ProjectConfigurationPlatforms) = postSolution
		{3F69F015-0A8C-C5B8-7E61-90E8E9DC8758}.Debug|Any CPU.ActiveCfg = Debug|Any CPU
		{3F69F015-0A8C-C5B8-7E61-90E8E9DC8758}.Debug|Any CPU.Build.0 = Debug|Any CPU
		{3F69F015-0A8C-C5B8-7E61-90E8E9DC8758}.Release|Any CPU.ActiveCfg = Release|Any CPU
		{3F69F015-0A8C-C5B8-7E61-90E8E9DC8758}.Release|Any CPU.Build.0 = Release|Any CPU
	EndGlobalSection
	GlobalSection(SolutionProperties) = preSolution
		HideSolutionNode = FALSE
	EndGlobalSection
	GlobalSection(NestedProjects) = preSolution
		{43D2749B-6852-4093-ABE2-1045B2839EA2} = {6B9B15CC-1AFB-4303-A2AD-8129BA337802}
		{4A42329E-A3E4-4AAF-A508-7DC9E19C25A6} = {6B9B15CC-1AFB-4303-A2AD-8129BA337802}
		{C8DFF7AC-25A4-4F4C-93C4-5210DA0A7A0A} = {6B9B15CC-1AFB-4303-A2AD-8129BA337802}
		{8581B51B-7F66-43CC-9FAD-84B6F09E2709} = {6B9B15CC-1AFB-4303-A2AD-8129BA337802}
		{6D463633-2972-4C9B-B9A0-9C4BE053D723} = {6B9B15CC-1AFB-4303-A2AD-8129BA337802}
		{59828C29-FFD6-4E0E-AA93-6503FEA0E610} = {C8DFF7AC-25A4-4F4C-93C4-5210DA0A7A0A}
		{45C30D94-6705-4672-B232-3706DC893E82} = {C8DFF7AC-25A4-4F4C-93C4-5210DA0A7A0A}
		{7C67F61B-F834-47A6-A8AF-94010730BF23} = {59828C29-FFD6-4E0E-AA93-6503FEA0E610}
		{010CBD62-306F-4849-A3DC-AE4E5E4D27A8} = {45C30D94-6705-4672-B232-3706DC893E82}
		{39AC4C13-A498-425E-96C1-9579990026ED} = {8581B51B-7F66-43CC-9FAD-84B6F09E2709}
		{A96F6AE2-A7E2-4AAC-A330-BEDE008872F1} = {39AC4C13-A498-425E-96C1-9579990026ED}
		{A5F36B45-369D-4CB4-9D65-D690B38F7691} = {A96F6AE2-A7E2-4AAC-A330-BEDE008872F1}
		{3F69F015-0A8C-C5B8-7E61-90E8E9DC8758} = {827E0CD3-B72D-47B6-A68D-7590B98EB39B}
	EndGlobalSection
	GlobalSection(ExtensibilityGlobals) = postSolution
		SolutionGuid = {B69184F0-77E0-4EE9-B3A1-2BDBC70A544E}
	EndGlobalSection
EndGlobal
